
Microsoft Visual Studio Solution File, Format Version 12.00
# Visual Studio 2012
Project("{FAE04EC0-301F-11D3-BF4B-00C04F79EFBC}") = "eShop", "eShop\eShop.csproj", "{E4BCC036-0601-4225-B1CE-BA4B7566A0F5}"
EndProject
Global
	GlobalSection(SolutionConfigurationPlatforms) = preSolution
		Debug|Any CPU = Debug|Any CPU
		Release|Any CPU = Release|Any CPU
	EndGlobalSection
	GlobalSection(ProjectConfigurationPlatforms) = postSolution
		{E4BCC036-0601-4225-B1CE-BA4B7566A0F5}.Debug|Any CPU.ActiveCfg = Debug|Any CPU
		{E4BCC036-0601-4225-B1CE-BA4B7566A0F5}.Debug|Any CPU.Build.0 = Debug|Any CPU
		{E4BCC036-0601-4225-B1CE-BA4B7566A0F5}.Release|Any CPU.ActiveCfg = Release|Any CPU
		{E4BCC036-0601-4225-B1CE-BA4B7566A0F5}.Release|Any CPU.Build.0 = Release|Any CPU
	EndGlobalSection
	GlobalSection(SolutionProperties) = preSolution
		HideSolutionNode = FALSE
	EndGlobalSection
EndGlobal
